
Microsoft Visual Studio Solution File, Format Version 12.00
# Visual Studio 15
VisualStudioVersion = 15.0.28307.489
MinimumVisualStudioVersion = 10.0.40219.1
Project("{8BC9CEB8-8B4A-11D0-8D11-00A0C91BC942}") = "D3dTiles", "D3dTiles\D3dTiles.vcxproj", "{5FB4968F-F321-4D8E-B700-B9B7454B7E99}"
EndProject
Project("{8BC9CEB8-8B4A-11D0-8D11-00A0C91BC942}") = "D3dTilesTest", "D3dTilesTest\D3dTilesTest.vcxproj", "{A49729F8-AF25-47D2-BF1E-6D4F31D9596A}"
EndProject
Project("{8BC9CEB8-8B4A-11D0-8D11-00A0C91BC942}") = "Crater", "mapgen\Crater.vcxproj", "{43617798-0B8E-4A77-BD14-D3B7DDFB2C26}"
EndProject
Project("{8BC9CEB8-8B4A-11D0-8D11-00A0C91BC942}") = "fault", "mapgen\fault.vcxproj", "{A05F7F0E-255A-4098-B98E-C11F34CCE4D8}"
EndProject
Project("{8BC9CEB8-8B4A-11D0-8D11-00A0C91BC942}") = "geometric", "mapgen\geometric.vcxproj", "{930D3408-7DC4-4FBE-8781-546730D86991}"
EndProject
Project("{8BC9CEB8-8B4A-11D0-8D11-00A0C91BC942}") = "Plasma2", "mapgen\Plasma2.vcxproj", "{8D43C162-631D-48BE-AEA0-4C0F8CF23C56}"
EndProject
Project("{8BC9CEB8-8B4A-11D0-8D11-00A0C91BC942}") = "ctp2", "ctp\civctp.vcxproj", "{0C6156E8-5642-49AB-BEEF-FAB68482E986}"
EndProject
Project("{8BC9CEB8-8B4A-11D0-8D11-00A0C91BC942}") = "dbgen", "gs\dbgen\dbgen.vcxproj", "{6795557B-66E7-43EB-A2EC-DB5CBEBA89DA}"
EndProject
Project("{8BC9CEB8-8B4A-11D0-8D11-00A0C91BC942}") = "ui", "ui\ui.vcxproj", "{81F8E65A-5BB2-495B-B76C-6E655D31E1B4}"
EndProject
Global
	GlobalSection(SolutionConfigurationPlatforms) = preSolution
		Debug Browse|x64 = Debug Browse|x64
		Debug Browse|x86 = Debug Browse|x86
		Debug|x64 = Debug|x64
		Debug|x86 = Debug|x86
		Final with Logging|x64 = Final with Logging|x64
		Final with Logging|x86 = Final with Logging|x86
		Final|x64 = Final|x64
		Final|x86 = Final|x86
		Leaks|x64 = Leaks|x64
		Leaks|x86 = Leaks|x86
		NDebug|x64 = NDebug|x64
		NDebug|x86 = NDebug|x86
		Optimized Test|x64 = Optimized Test|x64
		Optimized Test|x86 = Optimized Test|x86
		Release|x64 = Release|x64
		Release|x86 = Release|x86
		Template|x64 = Template|x64
		Template|x86 = Template|x86
		Test|x64 = Test|x64
		Test|x86 = Test|x86
	EndGlobalSection
	GlobalSection(ProjectConfigurationPlatforms) = postSolution
		{5FB4968F-F321-4D8E-B700-B9B7454B7E99}.Debug Browse|x64.ActiveCfg = Debug|x64
		{5FB4968F-F321-4D8E-B700-B9B7454B7E99}.Debug Browse|x64.Build.0 = Debug|x64
		{5FB4968F-F321-4D8E-B700-B9B7454B7E99}.Debug Browse|x86.ActiveCfg = Debug|Win32
		{5FB4968F-F321-4D8E-B700-B9B7454B7E99}.Debug Browse|x86.Build.0 = Debug|Win32
		{5FB4968F-F321-4D8E-B700-B9B7454B7E99}.Debug|x64.ActiveCfg = Debug|x64
		{5FB4968F-F321-4D8E-B700-B9B7454B7E99}.Debug|x64.Build.0 = Debug|x64
		{5FB4968F-F321-4D8E-B700-B9B7454B7E99}.Debug|x86.ActiveCfg = Debug|Win32
		{5FB4968F-F321-4D8E-B700-B9B7454B7E99}.Debug|x86.Build.0 = Debug|Win32
		{5FB4968F-F321-4D8E-B700-B9B7454B7E99}.Final with Logging|x64.ActiveCfg = Release|x64
		{5FB4968F-F321-4D8E-B700-B9B7454B7E99}.Final with Logging|x64.Build.0 = Release|x64
		{5FB4968F-F321-4D8E-B700-B9B7454B7E99}.Final with Logging|x86.ActiveCfg = Release|Win32
		{5FB4968F-F321-4D8E-B700-B9B7454B7E99}.Final with Logging|x86.Build.0 = Release|Win32
		{5FB4968F-F321-4D8E-B700-B9B7454B7E99}.Final|x64.ActiveCfg = Release|x64
		{5FB4968F-F321-4D8E-B700-B9B7454B7E99}.Final|x64.Build.0 = Release|x64
		{5FB4968F-F321-4D8E-B700-B9B7454B7E99}.Final|x86.ActiveCfg = Release|Win32
		{5FB4968F-F321-4D8E-B700-B9B7454B7E99}.Final|x86.Build.0 = Release|Win32
		{5FB4968F-F321-4D8E-B700-B9B7454B7E99}.Leaks|x64.ActiveCfg = Release|x64
		{5FB4968F-F321-4D8E-B700-B9B7454B7E99}.Leaks|x64.Build.0 = Release|x64
		{5FB4968F-F321-4D8E-B700-B9B7454B7E99}.Leaks|x86.ActiveCfg = Release|Win32
		{5FB4968F-F321-4D8E-B700-B9B7454B7E99}.Leaks|x86.Build.0 = Release|Win32
		{5FB4968F-F321-4D8E-B700-B9B7454B7E99}.NDebug|x64.ActiveCfg = Debug|x64
		{5FB4968F-F321-4D8E-B700-B9B7454B7E99}.NDebug|x64.Build.0 = Debug|x64
		{5FB4968F-F321-4D8E-B700-B9B7454B7E99}.NDebug|x86.ActiveCfg = Debug|Win32
		{5FB4968F-F321-4D8E-B700-B9B7454B7E99}.NDebug|x86.Build.0 = Debug|Win32
		{5FB4968F-F321-4D8E-B700-B9B7454B7E99}.Optimized Test|x64.ActiveCfg = Release|x64
		{5FB4968F-F321-4D8E-B700-B9B7454B7E99}.Optimized Test|x64.Build.0 = Release|x64
		{5FB4968F-F321-4D8E-B700-B9B7454B7E99}.Optimized Test|x86.ActiveCfg = Release|Win32
		{5FB4968F-F321-4D8E-B700-B9B7454B7E99}.Optimized Test|x86.Build.0 = Release|Win32
		{5FB4968F-F321-4D8E-B700-B9B7454B7E99}.Release|x64.ActiveCfg = Release|x64
		{5FB4968F-F321-4D8E-B700-B9B7454B7E99}.Release|x64.Build.0 = Release|x64
		{5FB4968F-F321-4D8E-B700-B9B7454B7E99}.Release|x86.ActiveCfg = Release|Win32
		{5FB4968F-F321-4D8E-B700-B9B7454B7E99}.Release|x86.Build.0 = Release|Win32
		{5FB4968F-F321-4D8E-B700-B9B7454B7E99}.Template|x64.ActiveCfg = Release|x64
		{5FB4968F-F321-4D8E-B700-B9B7454B7E99}.Template|x64.Build.0 = Release|x64
		{5FB4968F-F321-4D8E-B700-B9B7454B7E99}.Template|x86.ActiveCfg = Release|Win32
		{5FB4968F-F321-4D8E-B700-B9B7454B7E99}.Template|x86.Build.0 = Release|Win32
		{5FB4968F-F321-4D8E-B700-B9B7454B7E99}.Test|x64.ActiveCfg = Release|x64
		{5FB4968F-F321-4D8E-B700-B9B7454B7E99}.Test|x64.Build.0 = Release|x64
		{5FB4968F-F321-4D8E-B700-B9B7454B7E99}.Test|x86.ActiveCfg = Release|Win32
		{5FB4968F-F321-4D8E-B700-B9B7454B7E99}.Test|x86.Build.0 = Release|Win32
		{A49729F8-AF25-47D2-BF1E-6D4F31D9596A}.Debug Browse|x64.ActiveCfg = Debug|x64
		{A49729F8-AF25-47D2-BF1E-6D4F31D9596A}.Debug Browse|x64.Build.0 = Debug|x64
		{A49729F8-AF25-47D2-BF1E-6D4F31D9596A}.Debug Browse|x86.ActiveCfg = Debug|Win32
		{A49729F8-AF25-47D2-BF1E-6D4F31D9596A}.Debug Browse|x86.Build.0 = Debug|Win32
		{A49729F8-AF25-47D2-BF1E-6D4F31D9596A}.Debug|x64.ActiveCfg = Debug|x64
		{A49729F8-AF25-47D2-BF1E-6D4F31D9596A}.Debug|x64.Build.0 = Debug|x64
		{A49729F8-AF25-47D2-BF1E-6D4F31D9596A}.Debug|x86.ActiveCfg = Debug|Win32
		{A49729F8-AF25-47D2-BF1E-6D4F31D9596A}.Debug|x86.Build.0 = Debug|Win32
		{A49729F8-AF25-47D2-BF1E-6D4F31D9596A}.Final with Logging|x64.ActiveCfg = Release|x64
		{A49729F8-AF25-47D2-BF1E-6D4F31D9596A}.Final with Logging|x64.Build.0 = Release|x64
		{A49729F8-AF25-47D2-BF1E-6D4F31D9596A}.Final with Logging|x86.ActiveCfg = Release|Win32
		{A49729F8-AF25-47D2-BF1E-6D4F31D9596A}.Final with Logging|x86.Build.0 = Release|Win32
		{A49729F8-AF25-47D2-BF1E-6D4F31D9596A}.Final|x64.ActiveCfg = Release|x64
		{A49729F8-AF25-47D2-BF1E-6D4F31D9596A}.Final|x64.Build.0 = Release|x64
		{A49729F8-AF25-47D2-BF1E-6D4F31D9596A}.Final|x86.ActiveCfg = Release|Win32
		{A49729F8-AF25-47D2-BF1E-6D4F31D9596A}.Final|x86.Build.0 = Release|Win32
		{A49729F8-AF25-47D2-BF1E-6D4F31D9596A}.Leaks|x64.ActiveCfg = Release|x64
		{A49729F8-AF25-47D2-BF1E-6D4F31D9596A}.Leaks|x64.Build.0 = Release|x64
		{A49729F8-AF25-47D2-BF1E-6D4F31D9596A}.Leaks|x86.ActiveCfg = Release|Win32
		{A49729F8-AF25-47D2-BF1E-6D4F31D9596A}.Leaks|x86.Build.0 = Release|Win32
		{A49729F8-AF25-47D2-BF1E-6D4F31D9596A}.NDebug|x64.ActiveCfg = Debug|x64
		{A49729F8-AF25-47D2-BF1E-6D4F31D9596A}.NDebug|x64.Build.0 = Debug|x64
		{A49729F8-AF25-47D2-BF1E-6D4F31D9596A}.NDebug|x86.ActiveCfg = Debug|Win32
		{A49729F8-AF25-47D2-BF1E-6D4F31D9596A}.NDebug|x86.Build.0 = Debug|Win32
		{A49729F8-AF25-47D2-BF1E-6D4F31D9596A}.Optimized Test|x64.ActiveCfg = Release|x64
		{A49729F8-AF25-47D2-BF1E-6D4F31D9596A}.Optimized Test|x64.Build.0 = Release|x64
		{A49729F8-AF25-47D2-BF1E-6D4F31D9596A}.Optimized Test|x86.ActiveCfg = Release|Win32
		{A49729F8-AF25-47D2-BF1E-6D4F31D9596A}.Optimized Test|x86.Build.0 = Release|Win32
		{A49729F8-AF25-47D2-BF1E-6D4F31D9596A}.Release|x64.ActiveCfg = Release|x64
		{A49729F8-AF25-47D2-BF1E-6D4F31D9596A}.Release|x64.Build.0 = Release|x64
		{A49729F8-AF25-47D2-BF1E-6D4F31D9596A}.Release|x86.ActiveCfg = Release|Win32
		{A49729F8-AF25-47D2-BF1E-6D4F31D9596A}.Release|x86.Build.0 = Release|Win32
		{A49729F8-AF25-47D2-BF1E-6D4F31D9596A}.Template|x64.ActiveCfg = Release|x64
		{A49729F8-AF25-47D2-BF1E-6D4F31D9596A}.Template|x64.Build.0 = Release|x64
		{A49729F8-AF25-47D2-BF1E-6D4F31D9596A}.Template|x86.ActiveCfg = Release|Win32
		{A49729F8-AF25-47D2-BF1E-6D4F31D9596A}.Template|x86.Build.0 = Release|Win32
		{A49729F8-AF25-47D2-BF1E-6D4F31D9596A}.Test|x64.ActiveCfg = Release|x64
		{A49729F8-AF25-47D2-BF1E-6D4F31D9596A}.Test|x64.Build.0 = Release|x64
		{A49729F8-AF25-47D2-BF1E-6D4F31D9596A}.Test|x86.ActiveCfg = Release|Win32
		{A49729F8-AF25-47D2-BF1E-6D4F31D9596A}.Test|x86.Build.0 = Release|Win32
		{43617798-0B8E-4A77-BD14-D3B7DDFB2C26}.Debug Browse|x64.ActiveCfg = Debug Browse|Win32
		{43617798-0B8E-4A77-BD14-D3B7DDFB2C26}.Debug Browse|x86.ActiveCfg = Debug Browse|Win32
		{43617798-0B8E-4A77-BD14-D3B7DDFB2C26}.Debug Browse|x86.Build.0 = Debug Browse|Win32
		{43617798-0B8E-4A77-BD14-D3B7DDFB2C26}.Debug|x64.ActiveCfg = Debug|Win32
		{43617798-0B8E-4A77-BD14-D3B7DDFB2C26}.Debug|x86.ActiveCfg = Debug|Win32
		{43617798-0B8E-4A77-BD14-D3B7DDFB2C26}.Debug|x86.Build.0 = Debug|Win32
		{43617798-0B8E-4A77-BD14-D3B7DDFB2C26}.Final with Logging|x64.ActiveCfg = Test|Win32
		{43617798-0B8E-4A77-BD14-D3B7DDFB2C26}.Final with Logging|x64.Build.0 = Test|Win32
		{43617798-0B8E-4A77-BD14-D3B7DDFB2C26}.Final with Logging|x86.ActiveCfg = Final|Win32
		{43617798-0B8E-4A77-BD14-D3B7DDFB2C26}.Final with Logging|x86.Build.0 = Final|Win32
		{43617798-0B8E-4A77-BD14-D3B7DDFB2C26}.Final|x64.ActiveCfg = Final|Win32
		{43617798-0B8E-4A77-BD14-D3B7DDFB2C26}.Final|x86.ActiveCfg = Final|Win32
		{43617798-0B8E-4A77-BD14-D3B7DDFB2C26}.Final|x86.Build.0 = Final|Win32
		{43617798-0B8E-4A77-BD14-D3B7DDFB2C26}.Leaks|x64.ActiveCfg = Leaks|Win32
		{43617798-0B8E-4A77-BD14-D3B7DDFB2C26}.Leaks|x86.ActiveCfg = Leaks|Win32
		{43617798-0B8E-4A77-BD14-D3B7DDFB2C26}.Leaks|x86.Build.0 = Leaks|Win32
		{43617798-0B8E-4A77-BD14-D3B7DDFB2C26}.NDebug|x64.ActiveCfg = NDebug|Win32
		{43617798-0B8E-4A77-BD14-D3B7DDFB2C26}.NDebug|x86.ActiveCfg = NDebug|Win32
		{43617798-0B8E-4A77-BD14-D3B7DDFB2C26}.NDebug|x86.Build.0 = NDebug|Win32
		{43617798-0B8E-4A77-BD14-D3B7DDFB2C26}.Optimized Test|x64.ActiveCfg = Test|Win32
		{43617798-0B8E-4A77-BD14-D3B7DDFB2C26}.Optimized Test|x64.Build.0 = Test|Win32
		{43617798-0B8E-4A77-BD14-D3B7DDFB2C26}.Optimized Test|x86.ActiveCfg = Test|Win32
		{43617798-0B8E-4A77-BD14-D3B7DDFB2C26}.Optimized Test|x86.Build.0 = Test|Win32
		{43617798-0B8E-4A77-BD14-D3B7DDFB2C26}.Release|x64.ActiveCfg = Release|Win32
		{43617798-0B8E-4A77-BD14-D3B7DDFB2C26}.Release|x86.ActiveCfg = Release|Win32
		{43617798-0B8E-4A77-BD14-D3B7DDFB2C26}.Release|x86.Build.0 = Release|Win32
		{43617798-0B8E-4A77-BD14-D3B7DDFB2C26}.Template|x64.ActiveCfg = Test|Win32
		{43617798-0B8E-4A77-BD14-D3B7DDFB2C26}.Template|x64.Build.0 = Test|Win32
		{43617798-0B8E-4A77-BD14-D3B7DDFB2C26}.Template|x86.ActiveCfg = Test|Win32
		{43617798-0B8E-4A77-BD14-D3B7DDFB2C26}.Template|x86.Build.0 = Test|Win32
		{43617798-0B8E-4A77-BD14-D3B7DDFB2C26}.Test|x64.ActiveCfg = Test|Win32
		{43617798-0B8E-4A77-BD14-D3B7DDFB2C26}.Test|x86.ActiveCfg = Test|Win32
		{43617798-0B8E-4A77-BD14-D3B7DDFB2C26}.Test|x86.Build.0 = Test|Win32
		{A05F7F0E-255A-4098-B98E-C11F34CCE4D8}.Debug Browse|x64.ActiveCfg = Debug Browse|Win32
		{A05F7F0E-255A-4098-B98E-C11F34CCE4D8}.Debug Browse|x86.ActiveCfg = Debug Browse|Win32
		{A05F7F0E-255A-4098-B98E-C11F34CCE4D8}.Debug Browse|x86.Build.0 = Debug Browse|Win32
		{A05F7F0E-255A-4098-B98E-C11F34CCE4D8}.Debug|x64.ActiveCfg = Debug|Win32
		{A05F7F0E-255A-4098-B98E-C11F34CCE4D8}.Debug|x86.ActiveCfg = Debug|Win32
		{A05F7F0E-255A-4098-B98E-C11F34CCE4D8}.Debug|x86.Build.0 = Debug|Win32
		{A05F7F0E-255A-4098-B98E-C11F34CCE4D8}.Final with Logging|x64.ActiveCfg = Test|Win32
		{A05F7F0E-255A-4098-B98E-C11F34CCE4D8}.Final with Logging|x64.Build.0 = Test|Win32
		{A05F7F0E-255A-4098-B98E-C11F34CCE4D8}.Final with Logging|x86.ActiveCfg = Final|Win32
		{A05F7F0E-255A-4098-B98E-C11F34CCE4D8}.Final with Logging|x86.Build.0 = Final|Win32
		{A05F7F0E-255A-4098-B98E-C11F34CCE4D8}.Final|x64.ActiveCfg = Final|Win32
		{A05F7F0E-255A-4098-B98E-C11F34CCE4D8}.Final|x86.ActiveCfg = Final|Win32
		{A05F7F0E-255A-4098-B98E-C11F34CCE4D8}.Final|x86.Build.0 = Final|Win32
		{A05F7F0E-255A-4098-B98E-C11F34CCE4D8}.Leaks|x64.ActiveCfg = Leaks|Win32
		{A05F7F0E-255A-4098-B98E-C11F34CCE4D8}.Leaks|x86.ActiveCfg = Leaks|Win32
		{A05F7F0E-255A-4098-B98E-C11F34CCE4D8}.Leaks|x86.Build.0 = Leaks|Win32
		{A05F7F0E-255A-4098-B98E-C11F34CCE4D8}.NDebug|x64.ActiveCfg = NDebug|Win32
		{A05F7F0E-255A-4098-B98E-C11F34CCE4D8}.NDebug|x86.ActiveCfg = NDebug|Win32
		{A05F7F0E-255A-4098-B98E-C11F34CCE4D8}.NDebug|x86.Build.0 = NDebug|Win32
		{A05F7F0E-255A-4098-B98E-C11F34CCE4D8}.Optimized Test|x64.ActiveCfg = Test|Win32
		{A05F7F0E-255A-4098-B98E-C11F34CCE4D8}.Optimized Test|x64.Build.0 = Test|Win32
		{A05F7F0E-255A-4098-B98E-C11F34CCE4D8}.Optimized Test|x86.ActiveCfg = Test|Win32
		{A05F7F0E-255A-4098-B98E-C11F34CCE4D8}.Optimized Test|x86.Build.0 = Test|Win32
		{A05F7F0E-255A-4098-B98E-C11F34CCE4D8}.Release|x64.ActiveCfg = Release|Win32
		{A05F7F0E-255A-4098-B98E-C11F34CCE4D8}.Release|x86.ActiveCfg = Release|Win32
		{A05F7F0E-255A-4098-B98E-C11F34CCE4D8}.Release|x86.Build.0 = Release|Win32
		{A05F7F0E-255A-4098-B98E-C11F34CCE4D8}.Template|x64.ActiveCfg = Template|Win32
		{A05F7F0E-255A-4098-B98E-C11F34CCE4D8}.Template|x86.ActiveCfg = Template|Win32
		{A05F7F0E-255A-4098-B98E-C11F34CCE4D8}.Template|x86.Build.0 = Template|Win32
		{A05F7F0E-255A-4098-B98E-C11F34CCE4D8}.Test|x64.ActiveCfg = Test|Win32
		{A05F7F0E-255A-4098-B98E-C11F34CCE4D8}.Test|x86.ActiveCfg = Test|Win32
		{A05F7F0E-255A-4098-B98E-C11F34CCE4D8}.Test|x86.Build.0 = Test|Win32
		{930D3408-7DC4-4FBE-8781-546730D86991}.Debug Browse|x64.ActiveCfg = Debug Browse|Win32
		{930D3408-7DC4-4FBE-8781-546730D86991}.Debug Browse|x86.ActiveCfg = Debug Browse|Win32
		{930D3408-7DC4-4FBE-8781-546730D86991}.Debug Browse|x86.Build.0 = Debug Browse|Win32
		{930D3408-7DC4-4FBE-8781-546730D86991}.Debug|x64.ActiveCfg = Debug|Win32
		{930D3408-7DC4-4FBE-8781-546730D86991}.Debug|x86.ActiveCfg = Debug|Win32
		{930D3408-7DC4-4FBE-8781-546730D86991}.Debug|x86.Build.0 = Debug|Win32
		{930D3408-7DC4-4FBE-8781-546730D86991}.Final with Logging|x64.ActiveCfg = Test|Win32
		{930D3408-7DC4-4FBE-8781-546730D86991}.Final with Logging|x64.Build.0 = Test|Win32
		{930D3408-7DC4-4FBE-8781-546730D86991}.Final with Logging|x86.ActiveCfg = Final|Win32
		{930D3408-7DC4-4FBE-8781-546730D86991}.Final with Logging|x86.Build.0 = Final|Win32
		{930D3408-7DC4-4FBE-8781-546730D86991}.Final|x64.ActiveCfg = Final|Win32
		{930D3408-7DC4-4FBE-8781-546730D86991}.Final|x86.ActiveCfg = Final|Win32
		{930D3408-7DC4-4FBE-8781-546730D86991}.Final|x86.Build.0 = Final|Win32
		{930D3408-7DC4-4FBE-8781-546730D86991}.Leaks|x64.ActiveCfg = Leaks|Win32
		{930D3408-7DC4-4FBE-8781-546730D86991}.Leaks|x86.ActiveCfg = Leaks|Win32
		{930D3408-7DC4-4FBE-8781-546730D86991}.Leaks|x86.Build.0 = Leaks|Win32
		{930D3408-7DC4-4FBE-8781-546730D86991}.NDebug|x64.ActiveCfg = NDebug|Win32
		{930D3408-7DC4-4FBE-8781-546730D86991}.NDebug|x86.ActiveCfg = NDebug|Win32
		{930D3408-7DC4-4FBE-8781-546730D86991}.NDebug|x86.Build.0 = NDebug|Win32
		{930D3408-7DC4-4FBE-8781-546730D86991}.Optimized Test|x64.ActiveCfg = Test|Win32
		{930D3408-7DC4-4FBE-8781-546730D86991}.Optimized Test|x64.Build.0 = Test|Win32
		{930D3408-7DC4-4FBE-8781-546730D86991}.Optimized Test|x86.ActiveCfg = Test|Win32
		{930D3408-7DC4-4FBE-8781-546730D86991}.Optimized Test|x86.Build.0 = Test|Win32
		{930D3408-7DC4-4FBE-8781-546730D86991}.Release|x64.ActiveCfg = Release|Win32
		{930D3408-7DC4-4FBE-8781-546730D86991}.Release|x86.ActiveCfg = Release|Win32
		{930D3408-7DC4-4FBE-8781-546730D86991}.Release|x86.Build.0 = Release|Win32
		{930D3408-7DC4-4FBE-8781-546730D86991}.Template|x64.ActiveCfg = Template|Win32
		{930D3408-7DC4-4FBE-8781-546730D86991}.Template|x86.ActiveCfg = Template|Win32
		{930D3408-7DC4-4FBE-8781-546730D86991}.Template|x86.Build.0 = Template|Win32
		{930D3408-7DC4-4FBE-8781-546730D86991}.Test|x64.ActiveCfg = Test|Win32
		{930D3408-7DC4-4FBE-8781-546730D86991}.Test|x86.ActiveCfg = Test|Win32
		{930D3408-7DC4-4FBE-8781-546730D86991}.Test|x86.Build.0 = Test|Win32
		{8D43C162-631D-48BE-AEA0-4C0F8CF23C56}.Debug Browse|x64.ActiveCfg = Debug Browse|Win32
		{8D43C162-631D-48BE-AEA0-4C0F8CF23C56}.Debug Browse|x86.ActiveCfg = Debug Browse|Win32
		{8D43C162-631D-48BE-AEA0-4C0F8CF23C56}.Debug Browse|x86.Build.0 = Debug Browse|Win32
		{8D43C162-631D-48BE-AEA0-4C0F8CF23C56}.Debug|x64.ActiveCfg = Debug|Win32
		{8D43C162-631D-48BE-AEA0-4C0F8CF23C56}.Debug|x86.ActiveCfg = Debug|Win32
		{8D43C162-631D-48BE-AEA0-4C0F8CF23C56}.Debug|x86.Build.0 = Debug|Win32
		{8D43C162-631D-48BE-AEA0-4C0F8CF23C56}.Final with Logging|x64.ActiveCfg = Test|Win32
		{8D43C162-631D-48BE-AEA0-4C0F8CF23C56}.Final with Logging|x64.Build.0 = Test|Win32
		{8D43C162-631D-48BE-AEA0-4C0F8CF23C56}.Final with Logging|x86.ActiveCfg = Final|Win32
		{8D43C162-631D-48BE-AEA0-4C0F8CF23C56}.Final with Logging|x86.Build.0 = Final|Win32
		{8D43C162-631D-48BE-AEA0-4C0F8CF23C56}.Final|x64.ActiveCfg = Final|Win32
		{8D43C162-631D-48BE-AEA0-4C0F8CF23C56}.Final|x86.ActiveCfg = Final|Win32
		{8D43C162-631D-48BE-AEA0-4C0F8CF23C56}.Final|x86.Build.0 = Final|Win32
		{8D43C162-631D-48BE-AEA0-4C0F8CF23C56}.Leaks|x64.ActiveCfg = Leaks|Win32
		{8D43C162-631D-48BE-AEA0-4C0F8CF23C56}.Leaks|x86.ActiveCfg = Leaks|Win32
		{8D43C162-631D-48BE-AEA0-4C0F8CF23C56}.Leaks|x86.Build.0 = Leaks|Win32
		{8D43C162-631D-48BE-AEA0-4C0F8CF23C56}.NDebug|x64.ActiveCfg = NDebug|Win32
		{8D43C162-631D-48BE-AEA0-4C0F8CF23C56}.NDebug|x86.ActiveCfg = NDebug|Win32
		{8D43C162-631D-48BE-AEA0-4C0F8CF23C56}.NDebug|x86.Build.0 = NDebug|Win32
		{8D43C162-631D-48BE-AEA0-4C0F8CF23C56}.Optimized Test|x64.ActiveCfg = Test|Win32
		{8D43C162-631D-48BE-AEA0-4C0F8CF23C56}.Optimized Test|x64.Build.0 = Test|Win32
		{8D43C162-631D-48BE-AEA0-4C0F8CF23C56}.Optimized Test|x86.ActiveCfg = Test|Win32
		{8D43C162-631D-48BE-AEA0-4C0F8CF23C56}.Optimized Test|x86.Build.0 = Test|Win32
		{8D43C162-631D-48BE-AEA0-4C0F8CF23C56}.Release|x64.ActiveCfg = Release|Win32
		{8D43C162-631D-48BE-AEA0-4C0F8CF23C56}.Release|x86.ActiveCfg = Release|Win32
		{8D43C162-631D-48BE-AEA0-4C0F8CF23C56}.Release|x86.Build.0 = Release|Win32
		{8D43C162-631D-48BE-AEA0-4C0F8CF23C56}.Template|x64.ActiveCfg = Template|Win32
		{8D43C162-631D-48BE-AEA0-4C0F8CF23C56}.Template|x86.ActiveCfg = Template|Win32
		{8D43C162-631D-48BE-AEA0-4C0F8CF23C56}.Template|x86.Build.0 = Template|Win32
		{8D43C162-631D-48BE-AEA0-4C0F8CF23C56}.Test|x64.ActiveCfg = Test|Win32
		{8D43C162-631D-48BE-AEA0-4C0F8CF23C56}.Test|x86.ActiveCfg = Test|Win32
		{8D43C162-631D-48BE-AEA0-4C0F8CF23C56}.Test|x86.Build.0 = Test|Win32
		{0C6156E8-5642-49AB-BEEF-FAB68482E986}.Debug Browse|x64.ActiveCfg = Debug Browse|Win32
		{0C6156E8-5642-49AB-BEEF-FAB68482E986}.Debug Browse|x86.ActiveCfg = Debug Browse|Win32
		{0C6156E8-5642-49AB-BEEF-FAB68482E986}.Debug Browse|x86.Build.0 = Debug Browse|Win32
		{0C6156E8-5642-49AB-BEEF-FAB68482E986}.Debug|x64.ActiveCfg = Debug|Win32
		{0C6156E8-5642-49AB-BEEF-FAB68482E986}.Debug|x86.ActiveCfg = Debug|Win32
		{0C6156E8-5642-49AB-BEEF-FAB68482E986}.Debug|x86.Build.0 = Debug|Win32
		{0C6156E8-5642-49AB-BEEF-FAB68482E986}.Final with Logging|x64.ActiveCfg = Final with Logging|Win32
		{0C6156E8-5642-49AB-BEEF-FAB68482E986}.Final with Logging|x86.ActiveCfg = Final with Logging|Win32
		{0C6156E8-5642-49AB-BEEF-FAB68482E986}.Final with Logging|x86.Build.0 = Final with Logging|Win32
		{0C6156E8-5642-49AB-BEEF-FAB68482E986}.Final|x64.ActiveCfg = Final|Win32
		{0C6156E8-5642-49AB-BEEF-FAB68482E986}.Final|x86.ActiveCfg = Final|Win32
		{0C6156E8-5642-49AB-BEEF-FAB68482E986}.Final|x86.Build.0 = Final|Win32
		{0C6156E8-5642-49AB-BEEF-FAB68482E986}.Leaks|x64.ActiveCfg = Test|Win32
		{0C6156E8-5642-49AB-BEEF-FAB68482E986}.Leaks|x64.Build.0 = Test|Win32
		{0C6156E8-5642-49AB-BEEF-FAB68482E986}.Leaks|x86.ActiveCfg = Test|Win32
		{0C6156E8-5642-49AB-BEEF-FAB68482E986}.Leaks|x86.Build.0 = Test|Win32
		{0C6156E8-5642-49AB-BEEF-FAB68482E986}.NDebug|x64.ActiveCfg = NDebug|Win32
		{0C6156E8-5642-49AB-BEEF-FAB68482E986}.NDebug|x86.ActiveCfg = NDebug|Win32
		{0C6156E8-5642-49AB-BEEF-FAB68482E986}.NDebug|x86.Build.0 = NDebug|Win32
		{0C6156E8-5642-49AB-BEEF-FAB68482E986}.Optimized Test|x64.ActiveCfg = Optimized Test|Win32
		{0C6156E8-5642-49AB-BEEF-FAB68482E986}.Optimized Test|x86.ActiveCfg = Optimized Test|Win32
		{0C6156E8-5642-49AB-BEEF-FAB68482E986}.Optimized Test|x86.Build.0 = Optimized Test|Win32
		{0C6156E8-5642-49AB-BEEF-FAB68482E986}.Release|x64.ActiveCfg = Release|Win32
		{0C6156E8-5642-49AB-BEEF-FAB68482E986}.Release|x86.ActiveCfg = Release|Win32
		{0C6156E8-5642-49AB-BEEF-FAB68482E986}.Release|x86.Build.0 = Release|Win32
		{0C6156E8-5642-49AB-BEEF-FAB68482E986}.Template|x64.ActiveCfg = Template|Win32
		{0C6156E8-5642-49AB-BEEF-FAB68482E986}.Template|x86.ActiveCfg = Template|Win32
		{0C6156E8-5642-49AB-BEEF-FAB68482E986}.Template|x86.Build.0 = Template|Win32
		{0C6156E8-5642-49AB-BEEF-FAB68482E986}.Test|x64.ActiveCfg = Test|Win32
		{0C6156E8-5642-49AB-BEEF-FAB68482E986}.Test|x86.ActiveCfg = Test|Win32
		{0C6156E8-5642-49AB-BEEF-FAB68482E986}.Test|x86.Build.0 = Test|Win32
		{6795557B-66E7-43EB-A2EC-DB5CBEBA89DA}.Debug Browse|x64.ActiveCfg = Debug Browse|Win32
		{6795557B-66E7-43EB-A2EC-DB5CBEBA89DA}.Debug Browse|x86.ActiveCfg = Debug Browse|Win32
		{6795557B-66E7-43EB-A2EC-DB5CBEBA89DA}.Debug Browse|x86.Build.0 = Debug Browse|Win32
		{6795557B-66E7-43EB-A2EC-DB5CBEBA89DA}.Debug|x64.ActiveCfg = Debug|Win32
		{6795557B-66E7-43EB-A2EC-DB5CBEBA89DA}.Debug|x86.ActiveCfg = Debug|Win32
		{6795557B-66E7-43EB-A2EC-DB5CBEBA89DA}.Debug|x86.Build.0 = Debug|Win32
		{6795557B-66E7-43EB-A2EC-DB5CBEBA89DA}.Final with Logging|x64.ActiveCfg = Debug Browse|Win32
		{6795557B-66E7-43EB-A2EC-DB5CBEBA89DA}.Final with Logging|x64.Build.0 = Debug Browse|Win32
		{6795557B-66E7-43EB-A2EC-DB5CBEBA89DA}.Final with Logging|x86.ActiveCfg = Final|Win32
		{6795557B-66E7-43EB-A2EC-DB5CBEBA89DA}.Final with Logging|x86.Build.0 = Final|Win32
		{6795557B-66E7-43EB-A2EC-DB5CBEBA89DA}.Final|x64.ActiveCfg = Final|Win32
		{6795557B-66E7-43EB-A2EC-DB5CBEBA89DA}.Final|x86.ActiveCfg = Final|Win32
		{6795557B-66E7-43EB-A2EC-DB5CBEBA89DA}.Final|x86.Build.0 = Final|Win32
		{6795557B-66E7-43EB-A2EC-DB5CBEBA89DA}.Leaks|x64.ActiveCfg = Debug Browse|Win32
		{6795557B-66E7-43EB-A2EC-DB5CBEBA89DA}.Leaks|x64.Build.0 = Debug Browse|Win32
		{6795557B-66E7-43EB-A2EC-DB5CBEBA89DA}.Leaks|x86.ActiveCfg = Debug Browse|Win32
		{6795557B-66E7-43EB-A2EC-DB5CBEBA89DA}.Leaks|x86.Build.0 = Debug Browse|Win32
		{6795557B-66E7-43EB-A2EC-DB5CBEBA89DA}.NDebug|x64.ActiveCfg = Debug Browse|Win32
		{6795557B-66E7-43EB-A2EC-DB5CBEBA89DA}.NDebug|x64.Build.0 = Debug Browse|Win32
		{6795557B-66E7-43EB-A2EC-DB5CBEBA89DA}.NDebug|x86.ActiveCfg = Debug|Win32
		{6795557B-66E7-43EB-A2EC-DB5CBEBA89DA}.NDebug|x86.Build.0 = Debug|Win32
		{6795557B-66E7-43EB-A2EC-DB5CBEBA89DA}.Optimized Test|x64.ActiveCfg = Debug Browse|Win32
		{6795557B-66E7-43EB-A2EC-DB5CBEBA89DA}.Optimized Test|x64.Build.0 = Debug Browse|Win32
		{6795557B-66E7-43EB-A2EC-DB5CBEBA89DA}.Optimized Test|x86.ActiveCfg = Debug Browse|Win32
		{6795557B-66E7-43EB-A2EC-DB5CBEBA89DA}.Optimized Test|x86.Build.0 = Debug Browse|Win32
		{6795557B-66E7-43EB-A2EC-DB5CBEBA89DA}.Release|x64.ActiveCfg = Release|Win32
		{6795557B-66E7-43EB-A2EC-DB5CBEBA89DA}.Release|x86.ActiveCfg = Release|Win32
		{6795557B-66E7-43EB-A2EC-DB5CBEBA89DA}.Release|x86.Build.0 = Release|Win32
		{6795557B-66E7-43EB-A2EC-DB5CBEBA89DA}.Template|x64.ActiveCfg = Template|Win32
		{6795557B-66E7-43EB-A2EC-DB5CBEBA89DA}.Template|x86.ActiveCfg = Template|Win32
		{6795557B-66E7-43EB-A2EC-DB5CBEBA89DA}.Template|x86.Build.0 = Template|Win32
		{6795557B-66E7-43EB-A2EC-DB5CBEBA89DA}.Test|x64.ActiveCfg = Debug Browse|Win32
		{6795557B-66E7-43EB-A2EC-DB5CBEBA89DA}.Test|x64.Build.0 = Debug Browse|Win32
		{6795557B-66E7-43EB-A2EC-DB5CBEBA89DA}.Test|x86.ActiveCfg = Template|Win32
		{6795557B-66E7-43EB-A2EC-DB5CBEBA89DA}.Test|x86.Build.0 = Template|Win32
		{81F8E65A-5BB2-495B-B76C-6E655D31E1B4}.Debug Browse|x64.ActiveCfg = Test|Win32
		{81F8E65A-5BB2-495B-B76C-6E655D31E1B4}.Debug Browse|x64.Build.0 = Test|Win32
		{81F8E65A-5BB2-495B-B76C-6E655D31E1B4}.Debug Browse|x86.ActiveCfg = Debug|Win32
		{81F8E65A-5BB2-495B-B76C-6E655D31E1B4}.Debug Browse|x86.Build.0 = Debug|Win32
		{81F8E65A-5BB2-495B-B76C-6E655D31E1B4}.Debug|x64.ActiveCfg = Debug|Win32
		{81F8E65A-5BB2-495B-B76C-6E655D31E1B4}.Debug|x86.ActiveCfg = Debug|Win32
		{81F8E65A-5BB2-495B-B76C-6E655D31E1B4}.Debug|x86.Build.0 = Debug|Win32
		{81F8E65A-5BB2-495B-B76C-6E655D31E1B4}.Final with Logging|x64.ActiveCfg = Test|Win32
		{81F8E65A-5BB2-495B-B76C-6E655D31E1B4}.Final with Logging|x64.Build.0 = Test|Win32
		{81F8E65A-5BB2-495B-B76C-6E655D31E1B4}.Final with Logging|x86.ActiveCfg = Test|Win32
		{81F8E65A-5BB2-495B-B76C-6E655D31E1B4}.Final with Logging|x86.Build.0 = Test|Win32
		{81F8E65A-5BB2-495B-B76C-6E655D31E1B4}.Final|x64.ActiveCfg = Test|Win32
		{81F8E65A-5BB2-495B-B76C-6E655D31E1B4}.Final|x64.Build.0 = Test|Win32
		{81F8E65A-5BB2-495B-B76C-6E655D31E1B4}.Final|x86.ActiveCfg = Test|Win32
		{81F8E65A-5BB2-495B-B76C-6E655D31E1B4}.Final|x86.Build.0 = Test|Win32
		{81F8E65A-5BB2-495B-B76C-6E655D31E1B4}.Leaks|x64.ActiveCfg = Test|Win32
		{81F8E65A-5BB2-495B-B76C-6E655D31E1B4}.Leaks|x64.Build.0 = Test|Win32
		{81F8E65A-5BB2-495B-B76C-6E655D31E1B4}.Leaks|x86.ActiveCfg = Test|Win32
		{81F8E65A-5BB2-495B-B76C-6E655D31E1B4}.Leaks|x86.Build.0 = Test|Win32
		{81F8E65A-5BB2-495B-B76C-6E655D31E1B4}.NDebug|x64.ActiveCfg = Test|Win32
		{81F8E65A-5BB2-495B-B76C-6E655D31E1B4}.NDebug|x64.Build.0 = Test|Win32
		{81F8E65A-5BB2-495B-B76C-6E655D31E1B4}.NDebug|x86.ActiveCfg = Debug|Win32
		{81F8E65A-5BB2-495B-B76C-6E655D31E1B4}.NDebug|x86.Build.0 = Debug|Win32
		{81F8E65A-5BB2-495B-B76C-6E655D31E1B4}.Optimized Test|x64.ActiveCfg = Test|Win32
		{81F8E65A-5BB2-495B-B76C-6E655D31E1B4}.Optimized Test|x64.Build.0 = Test|Win32
		{81F8E65A-5BB2-495B-B76C-6E655D31E1B4}.Optimized Test|x86.ActiveCfg = Test|Win32
		{81F8E65A-5BB2-495B-B76C-6E655D31E1B4}.Optimized Test|x86.Build.0 = Test|Win32
		{81F8E65A-5BB2-495B-B76C-6E655D31E1B4}.Release|x64.ActiveCfg = Release|Win32
		{81F8E65A-5BB2-495B-B76C-6E655D31E1B4}.Release|x86.ActiveCfg = Release|Win32
		{81F8E65A-5BB2-495B-B76C-6E655D31E1B4}.Release|x86.Build.0 = Release|Win32
		{81F8E65A-5BB2-495B-B76C-6E655D31E1B4}.Template|x64.ActiveCfg = Template|Win32
		{81F8E65A-5BB2-495B-B76C-6E655D31E1B4}.Template|x86.ActiveCfg = Template|Win32
		{81F8E65A-5BB2-495B-B76C-6E655D31E1B4}.Template|x86.Build.0 = Template|Win32
		{81F8E65A-5BB2-495B-B76C-6E655D31E1B4}.Test|x64.ActiveCfg = Test|Win32
		{81F8E65A-5BB2-495B-B76C-6E655D31E1B4}.Test|x86.ActiveCfg = Test|Win32
		{81F8E65A-5BB2-495B-B76C-6E655D31E1B4}.Test|x86.Build.0 = Test|Win32
	EndGlobalSection
	GlobalSection(SolutionProperties) = preSolution
		HideSolutionNode = FALSE
	EndGlobalSection
	GlobalSection(ExtensibilityGlobals) = postSolution
		SolutionGuid = {76E6C50F-D6FD-47AD-8559-B291C998FE3B}
	EndGlobalSection
EndGlobal
